
Microsoft Visual Studio Solution File, Format Version 12.00
# Visual Studio Version 17
VisualStudioVersion = 17.11.35327.3
MinimumVisualStudioVersion = 10.0.40219.1
Project("{FAE04EC0-301F-11D3-BF4B-00C04F79EFBC}") = "HomeTask(15.10)", "HomeTask(15.10)\HomeTask(15.10).csproj", "{1534DF75-7DDA-4383-957A-0EA67BEBE6EB}"
EndProject
Global
	GlobalSection(SolutionConfigurationPlatforms) = preSolution
		Debug|Any CPU = Debug|Any CPU
		Release|Any CPU = Release|Any CPU
	EndGlobalSection
	GlobalSection(ProjectConfigurationPlatforms) = postSolution
		{1534DF75-7DDA-4383-957A-0EA67BEBE6EB}.Debug|Any CPU.ActiveCfg = Debug|Any CPU
		{1534DF75-7DDA-4383-957A-0EA67BEBE6EB}.Debug|Any CPU.Build.0 = Debug|Any CPU
		{1534DF75-7DDA-4383-957A-0EA67BEBE6EB}.Release|Any CPU.ActiveCfg = Release|Any CPU
		{1534DF75-7DDA-4383-957A-0EA67BEBE6EB}.Release|Any CPU.Build.0 = Release|Any CPU
	EndGlobalSection
	GlobalSection(SolutionProperties) = preSolution
		HideSolutionNode = FALSE
	EndGlobalSection
	GlobalSection(ExtensibilityGlobals) = postSolution
		SolutionGuid = {A2253F1E-1E9D-4CE9-A3FC-954DBF322533}
	EndGlobalSection
EndGlobal
